
Microsoft Visual Studio Solution File, Format Version 12.00
# Visual Studio 15
VisualStudioVersion = 15.0.28010.2016
MinimumVisualStudioVersion = 10.0.40219.1
Project("{FAE04EC0-301F-11D3-BF4B-00C04F79EFBC}") = "NoteAppUI", "NoteAppUI\NoteAppUI.csproj", "{F2D9FD17-2DC8-4C6C-9321-91D38429E569}"
EndProject
Project("{FAE04EC0-301F-11D3-BF4B-00C04F79EFBC}") = "NoteApp", "NoteApp\NoteApp.csproj", "{345A3B19-93BE-478C-8195-170B0A06594A}"
EndProject
Project("{FAE04EC0-301F-11D3-BF4B-00C04F79EFBC}") = "NoteApp.UnitTests", "NoteApp.UnitTests\NoteApp.UnitTests.csproj", "{F0D8EF84-5C7D-423D-BE79-F7E9B32239FE}"
EndProject
Global
	GlobalSection(SolutionConfigurationPlatforms) = preSolution
		Debug|Any CPU = Debug|Any CPU
		Release|Any CPU = Release|Any CPU
	EndGlobalSection
	GlobalSection(ProjectConfigurationPlatforms) = postSolution
		{F2D9FD17-2DC8-4C6C-9321-91D38429E569}.Debug|Any CPU.ActiveCfg = Debug|Any CPU
		{F2D9FD17-2DC8-4C6C-9321-91D38429E569}.Debug|Any CPU.Build.0 = Debug|Any CPU
		{F2D9FD17-2DC8-4C6C-9321-91D38429E569}.Release|Any CPU.ActiveCfg = Release|Any CPU
		{F2D9FD17-2DC8-4C6C-9321-91D38429E569}.Release|Any CPU.Build.0 = Release|Any CPU
		{345A3B19-93BE-478C-8195-170B0A06594A}.Debug|Any CPU.ActiveCfg = Debug|Any CPU
		{345A3B19-93BE-478C-8195-170B0A06594A}.Debug|Any CPU.Build.0 = Debug|Any CPU
		{345A3B19-93BE-478C-8195-170B0A06594A}.Release|Any CPU.ActiveCfg = Release|Any CPU
		{345A3B19-93BE-478C-8195-170B0A06594A}.Release|Any CPU.Build.0 = Release|Any CPU
		{F0D8EF84-5C7D-423D-BE79-F7E9B32239FE}.Debug|Any CPU.ActiveCfg = Debug|Any CPU
		{F0D8EF84-5C7D-423D-BE79-F7E9B32239FE}.Debug|Any CPU.Build.0 = Debug|Any CPU
		{F0D8EF84-5C7D-423D-BE79-F7E9B32239FE}.Release|Any CPU.ActiveCfg = Release|Any CPU
		{F0D8EF84-5C7D-423D-BE79-F7E9B32239FE}.Release|Any CPU.Build.0 = Release|Any CPU
	EndGlobalSection
	GlobalSection(SolutionProperties) = preSolution
		HideSolutionNode = FALSE
	EndGlobalSection
	GlobalSection(ExtensibilityGlobals) = postSolution
		SolutionGuid = {D3C3F417-AE10-4BF3-9849-33DEEA06907A}
	EndGlobalSection
EndGlobal
